// !$*UTF8*$!
{
	archiveVersion = 1;
	classes = {
	};
	objectVersion = 46;
	objects = {

/* Begin PBXBuildFile section */
		F09A69831BAFA5C10068A8B7 /* AppDelegate.swift in Sources */ = {isa = PBXBuildFile; fileRef = F09A69821BAFA5C10068A8B7 /* AppDelegate.swift */; };
		F09A69851BAFA5C10068A8B7 /* ViewController.swift in Sources */ = {isa = PBXBuildFile; fileRef = F09A69841BAFA5C10068A8B7 /* ViewController.swift */; };
		F09A69881BAFA5C10068A8B7 /* Main.storyboard in Resources */ = {isa = PBXBuildFile; fileRef = F09A69861BAFA5C10068A8B7 /* Main.storyboard */; };
		F09A698A1BAFA5C10068A8B7 /* Assets.xcassets in Resources */ = {isa = PBXBuildFile; fileRef = F09A69891BAFA5C10068A8B7 /* Assets.xcassets */; };
		F09A698D1BAFA5C10068A8B7 /* LaunchScreen.storyboard in Resources */ = {isa = PBXBuildFile; fileRef = F09A698B1BAFA5C10068A8B7 /* LaunchScreen.storyboard */; };
		F09A69B71BAFA6380068A8B7 /* QRReader.m in Sources */ = {isa = PBXBuildFile; fileRef = F09A69B61BAFA6380068A8B7 /* QRReader.m */; settings = {ASSET_TAGS = (); }; };
/* End PBXBuildFile section */

/* Begin PBXFileReference section */
		F09A697F1BAFA5C10068A8B7 /* SwiftDemo.app */ = {isa = PBXFileReference; explicitFileType = wrapper.application; includeInIndex = 0; path = SwiftDemo.app; sourceTree = BUILT_PRODUCTS_DIR; };
		F09A69821BAFA5C10068A8B7 /* AppDelegate.swift */ = {isa = PBXFileReference; lastKnownFileType = sourcecode.swift; path = AppDelegate.swift; sourceTree = "<group>"; };
		F09A69841BAFA5C10068A8B7 /* ViewController.swift */ = {isa = PBXFileReference; lastKnownFileType = sourcecode.swift; path = ViewController.swift; sourceTree = "<group>"; };
		F09A69871BAFA5C10068A8B7 /* Base */ = {isa = PBXFileReference; lastKnownFileType = file.storyboard; name = Base; path = Base.lproj/Main.storyboard; sourceTree = "<group>"; };
		F09A69891BAFA5C10068A8B7 /* Assets.xcassets */ = {isa = PBXFileReference; lastKnownFileType = folder.assetcatalog; path = Assets.xcassets; sourceTree = "<group>"; };
		F09A698C1BAFA5C10068A8B7 /* Base */ = {isa = PBXFileReference; lastKnownFileType = file.storyboard; name = Base; path = Base.lproj/LaunchScreen.storyboard; sourceTree = "<group>"; };
		F09A698E1BAFA5C10068A8B7 /* Info.plist */ = {isa = PBXFileReference; lastKnownFileType = text.plist.xml; path = Info.plist; sourceTree = "<group>"; };
		F09A69B41BAFA6380068A8B7 /* SwiftDemo-Bridging-Header.h */ = {isa = PBXFileReference; lastKnownFileType = sourcecode.c.h; path = "SwiftDemo-Bridging-Header.h"; sourceTree = "<group>"; };
		F09A69B51BAFA6380068A8B7 /* QRReader.h */ = {isa = PBXFileReference; fileEncoding = 4; lastKnownFileType = sourcecode.c.h; name = QRReader.h; path = "../../../Project Lib/QRReader/QRReader/QRReader.h"; sourceTree = "<group>"; };
		F09A69B61BAFA6380068A8B7 /* QRReader.m */ = {isa = PBXFileReference; fileEncoding = 4; lastKnownFileType = sourcecode.c.objc; name = QRReader.m; path = "../../../Project Lib/QRReader/QRReader/QRReader.m"; sourceTree = "<group>"; };
/* End PBXFileReference section */

/* Begin PBXFrameworksBuildPhase section */
		F09A697C1BAFA5C10068A8B7 /* Frameworks */ = {
			isa = PBXFrameworksBuildPhase;
			buildActionMask = 2147483647;
			files = (
			);
			runOnlyForDeploymentPostprocessing = 0;
		};
/* End PBXFrameworksBuildPhase section */

/* Begin PBXGroup section */
		F09A69761BAFA5C10068A8B7 = {
			isa = PBXGroup;
			children = (
				F09A69B81BAFA7B20068A8B7 /* QRReader */,
				F09A69811BAFA5C10068A8B7 /* SwiftDemo */,
				F09A69801BAFA5C10068A8B7 /* Products */,
			);
			sourceTree = "<group>";
		};
		F09A69801BAFA5C10068A8B7 /* Products */ = {
			isa = PBXGroup;
			children = (
				F09A697F1BAFA5C10068A8B7 /* SwiftDemo.app */,
			);
			name = Products;
			sourceTree = "<group>";
		};
		F09A69811BAFA5C10068A8B7 /* SwiftDemo */ = {
			isa = PBXGroup;
			children = (
				F09A69821BAFA5C10068A8B7 /* AppDelegate.swift */,
				F09A69841BAFA5C10068A8B7 /* ViewController.swift */,
				F09A69861BAFA5C10068A8B7 /* Main.storyboard */,
				F09A69891BAFA5C10068A8B7 /* Assets.xcassets */,
				F09A698B1BAFA5C10068A8B7 /* LaunchScreen.storyboard */,
				F09A698E1BAFA5C10068A8B7 /* Info.plist */,
			);
			path = SwiftDemo;
			sourceTree = "<group>";
		};
		F09A69B81BAFA7B20068A8B7 /* QRReader */ = {
			isa = PBXGroup;
			children = (
				F09A69B41BAFA6380068A8B7 /* SwiftDemo-Bridging-Header.h */,
				F09A69B51BAFA6380068A8B7 /* QRReader.h */,
				F09A69B61BAFA6380068A8B7 /* QRReader.m */,
			);
			name = QRReader;
			path = SwiftDemo;
			sourceTree = "<group>";
		};
/* End PBXGroup section */

/* Begin PBXNativeTarget section */
		F09A697E1BAFA5C10068A8B7 /* SwiftDemo */ = {
			isa = PBXNativeTarget;
			buildConfigurationList = F09A69A71BAFA5C20068A8B7 /* Build configuration list for PBXNativeTarget "SwiftDemo" */;
			buildPhases = (
				F09A697B1BAFA5C10068A8B7 /* Sources */,
				F09A697C1BAFA5C10068A8B7 /* Frameworks */,
				F09A697D1BAFA5C10068A8B7 /* Resources */,
			);
			buildRules = (
			);
			dependencies = (
			);
			name = SwiftDemo;
			productName = SwiftDemo;
			productReference = F09A697F1BAFA5C10068A8B7 /* SwiftDemo.app */;
			productType = "com.apple.product-type.application";
		};
/* End PBXNativeTarget section */

/* Begin PBXProject section */
		F09A69771BAFA5C10068A8B7 /* Project object */ = {
			isa = PBXProject;
			attributes = {
				LastSwiftUpdateCheck = 0700;
				LastUpgradeCheck = 0700;
				ORGANIZATIONNAME = "KLab Cyscorpions";
				TargetAttributes = {
					F09A697E1BAFA5C10068A8B7 = {
						CreatedOnToolsVersion = 7.0;
					};
				};
			};
			buildConfigurationList = F09A697A1BAFA5C10068A8B7 /* Build configuration list for PBXProject "SwiftDemo" */;
			compatibilityVersion = "Xcode 3.2";
			developmentRegion = English;
			hasScannedForEncodings = 0;
			knownRegions = (
				en,
				Base,
			);
			mainGroup = F09A69761BAFA5C10068A8B7;
			productRefGroup = F09A69801BAFA5C10068A8B7 /* Products */;
			projectDirPath = "";
			projectRoot = "";
			targets = (
				F09A697E1BAFA5C10068A8B7 /* SwiftDemo */,
			);
		};
/* End PBXProject section */

/* Begin PBXResourcesBuildPhase section */
		F09A697D1BAFA5C10068A8B7 /* Resources */ = {
			isa = PBXResourcesBuildPhase;
			buildActionMask = 2147483647;
			files = (
				F09A698D1BAFA5C10068A8B7 /* LaunchScreen.storyboard in Resources */,
				F09A698A1BAFA5C10068A8B7 /* Assets.xcassets in Resources */,
				F09A69881BAFA5C10068A8B7 /* Main.storyboard in Resources */,
			);
			runOnlyForDeploymentPostprocessing = 0;
		};
/* End PBXResourcesBuildPhase section */

/* Begin PBXSourcesBuildPhase section */
		F09A697B1BAFA5C10068A8B7 /* Sources */ = {
			isa = PBXSourcesBuildPhase;
			buildActionMask = 2147483647;
			files = (
				F09A69851BAFA5C10068A8B7 /* ViewController.swift in Sources */,
				F09A69831BAFA5C10068A8B7 /* AppDelegate.swift in Sources */,
				F09A69B71BAFA6380068A8B7 /* QRReader.m in Sources */,
			);
			runOnlyForDeploymentPostprocessing = 0;
		};
/* End PBXSourcesBuildPhase section */

/* Begin PBXVariantGroup section */
		F09A69861BAFA5C10068A8B7 /* Main.storyboard */ = {
			isa = PBXVariantGroup;
			children = (
				F09A69871BAFA5C10068A8B7 /* Base */,
			);
			name = Main.storyboard;
			sourceTree = "<group>";
		};
		F09A698B1BAFA5C10068A8B7 /* LaunchScreen.storyboard */ = {
			isa = PBXVariantGroup;
			children = (
				F09A698C1BAFA5C10068A8B7 /* Base */,
			);
			name = LaunchScreen.storyboard;
			sourceTree = "<group>";
		};
/* End PBXVariantGroup section */

/* Begin XCBuildConfiguration section */
		F09A69A51BAFA5C20068A8B7 /* Debug */ = {
			isa = XCBuildConfiguration;
			buildSettings = {
				ALWAYS_SEARCH_USER_PATHS = NO;
				CLANG_CXX_LANGUAGE_STANDARD = "gnu++0x";
				CLANG_CXX_LIBRARY = "libc++";
				CLANG_ENABLE_MODULES = YES;
				CLANG_ENABLE_OBJC_ARC = YES;
				CLANG_WARN_BOOL_CONVERSION = YES;
				CLANG_WARN_CONSTANT_CONVERSION = YES;
				CLANG_WARN_DIRECT_OBJC_ISA_USAGE = YES_ERROR;
				CLANG_WARN_EMPTY_BODY = YES;
				CLANG_WARN_ENUM_CONVERSION = YES;
				CLANG_WARN_INT_CONVERSION = YES;
				CLANG_WARN_OBJC_ROOT_CLASS = YES_ERROR;
				CLANG_WARN_UNREACHABLE_CODE = YES;
				CLANG_WARN__DUPLICATE_METHOD_MATCH = YES;
				"CODE_SIGN_IDENTITY[sdk=iphoneos*]" = "iPhone Developer";
				COPY_PHASE_STRIP = NO;
				DEBUG_INFORMATION_FORMAT = dwarf;
				ENABLE_STRICT_OBJC_MSGSEND = YES;
				ENABLE_TESTABILITY = YES;
				GCC_C_LANGUAGE_STANDARD = gnu99;
				GCC_DYNAMIC_NO_PIC = NO;
				GCC_NO_COMMON_BLOCKS = YES;
				GCC_OPTIMIZATION_LEVEL = 0;
				GCC_PREPROCESSOR_DEFINITIONS = (
					"DEBUG=1",
					"$(inherited)",
				);
				GCC_WARN_64_TO_32_BIT_CONVERSION = YES;
				GCC_WARN_ABOUT_RETURN_TYPE = YES_ERROR;
				GCC_WARN_UNDECLARED_SELECTOR = YES;
				GCC_WARN_UNINITIALIZED_AUTOS = YES_AGGRESSIVE;
				GCC_WARN_UNUSED_FUNCTION = YES;
				GCC_WARN_UNUSED_VARIABLE = YES;
				IPHONEOS_DEPLOYMENT_TARGET = 9.0;
				MTL_ENABLE_DEBUG_INFO = YES;
				ONLY_ACTIVE_ARCH = YES;
				SDKROOT = iphoneos;
				SWIFT_OPTIMIZATION_LEVEL = "-Onone";
				TARGETED_DEVICE_FAMILY = "1,2";
			};
			name = Debug;
		};
		F09A69A61BAFA5C20068A8B7 /* Release */ = {
			isa = XCBuildConfiguration;
			buildSettings = {
				ALWAYS_SEARCH_USER_PATHS = NO;
				CLANG_CXX_LANGUAGE_STANDARD = "gnu++0x";
				CLANG_CXX_LIBRARY = "libc++";
				CLANG_ENABLE_MODULES = YES;
				CLANG_ENABLE_OBJC_ARC = YES;
				CLANG_WARN_BOOL_CONVERSION = YES;
				CLANG_WARN_CONSTANT_CONVERSION = YES;
				CLANG_WARN_DIRECT_OBJC_ISA_USAGE = YES_ERROR;
				CLANG_WARN_EMPTY_BODY = YES;
				CLANG_WARN_ENUM_CONVERSION = YES;
				CLANG_WARN_INT_CONVERSION = YES;
				CLANG_WARN_OBJC_ROOT_CLASS = YES_ERROR;
				CLANG_WARN_UNREACHABLE_CODE = YES;
				CLANG_WARN__DUPLICATE_METHOD_MATCH = YES;
				"CODE_SIGN_IDENTITY[sdk=iphoneos*]" = "iPhone Developer";
				COPY_PHASE_STRIP = NO;
				DEBUG_INFORMATION_FORMAT = "dwarf-with-dsym";
				ENABLE_NS_ASSERTIONS = NO;
				ENABLE_STRICT_OBJC_MSGSEND = YES;
				GCC_C_LANGUAGE_STANDARD = gnu99;
				GCC_NO_COMMON_BLOCKS = YES;
				GCC_WARN_64_TO_32_BIT_CONVERSION = YES;
				GCC_WARN_ABOUT_RETURN_TYPE = YES_ERROR;
				GCC_WARN_UNDECLARED_SELECTOR = YES;
				GCC_WARN_UNINITIALIZED_AUTOS = YES_AGGRESSIVE;
				GCC_WARN_UNUSED_FUNCTION = YES;
				GCC_WARN_UNUSED_VARIABLE = YES;
				IPHONEOS_DEPLOYMENT_TARGET = 9.0;
				MTL_ENABLE_DEBUG_INFO = NO;
				SDKROOT = iphoneos;
				TARGETED_DEVICE_FAMILY = "1,2";
				VALIDATE_PRODUCT = YES;
			};
			name = Release;
		};
		F09A69A81BAFA5C20068A8B7 /* Debug */ = {
			isa = XCBuildConfiguration;
			buildSettings = {
				ASSETCATALOG_COMPILER_APPICON_NAME = AppIcon;
				CLANG_ENABLE_MODULES = YES;
				INFOPLIST_FILE = SwiftDemo/Info.plist;
				LD_RUNPATH_SEARCH_PATHS = "$(inherited) @executable_path/Frameworks";
				PRODUCT_BUNDLE_IDENTIFIER = com.klabcyscorpions.SwiftDemo;
				PRODUCT_NAME = "$(TARGET_NAME)";
				SWIFT_OBJC_BRIDGING_HEADER = "SwiftDemo/SwiftDemo-Bridging-Header.h";
				SWIFT_OPTIMIZATION_LEVEL = "-Onone";
			};
			name = Debug;
		};
		F09A69A91BAFA5C20068A8B7 /* Release */ = {
			isa = XCBuildConfiguration;
			buildSettings = {
				ASSETCATALOG_COMPILER_APPICON_NAME = AppIcon;
				CLANG_ENABLE_MODULES = YES;
				INFOPLIST_FILE = SwiftDemo/Info.plist;
				LD_RUNPATH_SEARCH_PATHS = "$(inherited) @executable_path/Frameworks";
				PRODUCT_BUNDLE_IDENTIFIER = com.klabcyscorpions.SwiftDemo;
				PRODUCT_NAME = "$(TARGET_NAME)";
				SWIFT_OBJC_BRIDGING_HEADER = "SwiftDemo/SwiftDemo-Bridging-Header.h";
			};
			name = Release;
		};
/* End XCBuildConfiguration section */

/* Begin XCConfigurationList section */
		F09A697A1BAFA5C10068A8B7 /* Build configuration list for PBXProject "SwiftDemo" */ = {
			isa = XCConfigurationList;
			buildConfigurations = (
				F09A69A51BAFA5C20068A8B7 /* Debug */,
				F09A69A61BAFA5C20068A8B7 /* Release */,
			);
			defaultConfigurationIsVisible = 0;
			defaultConfigurationName = Release;
		};
		F09A69A71BAFA5C20068A8B7 /* Build configuration list for PBXNativeTarget "SwiftDemo" */ = {
			isa = XCConfigurationList;
			buildConfigurations = (
				F09A69A81BAFA5C20068A8B7 /* Debug */,
				F09A69A91BAFA5C20068A8B7 /* Release */,
			);
			defaultConfigurationIsVisible = 0;
			defaultConfigurationName = Release;
		};
/* End XCConfigurationList section */
	};
	rootObject = F09A69771BAFA5C10068A8B7 /* Project object */;
}
